
Microsoft Visual Studio Solution File, Format Version 12.00
# Visual Studio 15
VisualStudioVersion = 15.0.28010.2036
MinimumVisualStudioVersion = 10.0.40219.1
Project("{FAE04EC0-301F-11D3-BF4B-00C04F79EFBC}") = "EyeTracker", "EyeTracker.csproj", "{AC163DD6-B9A2-465E-81AD-562599F4B13F}"
EndProject
Global
	GlobalSection(SolutionConfigurationPlatforms) = preSolution
		Debug|Any CPU = Debug|Any CPU
		Release|Any CPU = Release|Any CPU
	EndGlobalSection
	GlobalSection(ProjectConfigurationPlatforms) = postSolution
		{AC163DD6-B9A2-465E-81AD-562599F4B13F}.Debug|Any CPU.ActiveCfg = Debug|Any CPU
		{AC163DD6-B9A2-465E-81AD-562599F4B13F}.Debug|Any CPU.Build.0 = Debug|Any CPU
		{AC163DD6-B9A2-465E-81AD-562599F4B13F}.Release|Any CPU.ActiveCfg = Release|Any CPU
		{AC163DD6-B9A2-465E-81AD-562599F4B13F}.Release|Any CPU.Build.0 = Release|Any CPU
	EndGlobalSection
	GlobalSection(SolutionProperties) = preSolution
		HideSolutionNode = FALSE
	EndGlobalSection
	GlobalSection(ExtensibilityGlobals) = postSolution
		SolutionGuid = {F2F9296F-FB91-4A8A-A46C-5FEF9983BEBC}
	EndGlobalSection
EndGlobal
